dependencies:
  espressif/button:
    component_hash: d0afa32f0e50d60bc0c6fc23f7eea98adc6b02cfe70b590bc52c23c506745287
    dependencies:
    - name: espressif/cmake_utilities
      registry_url: https://components.espressif.com
      require: private
      version: '*'
    - name: idf
      require: private
      version: '>=4.0'
    source:
      registry_url: https://components.espressif.com/
      type: service
    version: 4.1.6
  espressif/cmake_utilities:
    component_hash: 05165f30922b422b4b90c08845e6d449329b97370fbd06309803d8cb539d79e3
    dependencies:
    - name: idf
      require: private
      version: '>=4.1'
    source:
      registry_url: https://components.espressif.com
      type: service
    version: 1.1.1
  idf:
    source:
      type: idf
    version: 5.5.2
  kurtt806/khoa_wifi_connect:
    component_hash: 33468ba0bc756c8e32fe15eecd84efcf8c3a44d6dfd8bbb9a22cbe446b1bd34a
    dependencies:
    - name: idf
      require: private
      version: '>=5.0'
    source:
      registry_url: https://components.espressif.com/
      type: service
    targets:
    - esp32
    - esp32s3
    - esp32c3
    version: 1.0.5
direct_dependencies:
- espressif/button
- idf
- kurtt806/khoa_wifi_connect
manifest_hash: 8cd1c91f06312ca320beb31d5f5d0b8f9b88fb4b7e0295af9eb01d79405e690e
target: esp32s3
version: 2.0.0
